{
    "_readme": [
        "This file locks the dependencies of your project to a known state",
        "Read more about it at https://getcomposer.org/doc/01-basic-usage.md#installing-dependencies",
        "This file is @generated automatically"
    ],
    "content-hash": "73bc548faeb46874685acfea813d9d28",
    "packages": [
        {
            "name": "firebase/php-jwt",
            "version": "v5.0.0",
            "source": {
                "type": "git",
                "url": "https://github.com/firebase/php-jwt.git",
                "reference": "9984a4d3a32ae7673d6971ea00bae9d0a1abba0e"
            },
            "dist": {
                "type": "zip",
                "url": "https://api.github.com/repos/firebase/php-jwt/zipball/9984a4d3a32ae7673d6971ea00bae9d0a1abba0e",
                "reference": "9984a4d3a32ae7673d6971ea00bae9d0a1abba0e",
                "shasum": ""
            },
            "require": {
                "php": ">=5.3.0"
            },
            "require-dev": {
                "phpunit/phpunit": " 4.8.35"
            },
            "type": "library",
            "autoload": {
                "psr-4": {
                    "Firebase\\JWT\\": "src"
                }
            },
            "notification-url": "https://packagist.org/downloads/",
            "license": [
                "BSD-3-Clause"
            ],
            "authors": [
                {
                    "name": "Neuman Vong",
                    "email": "neuman+pear@twilio.com",
                    "role": "Developer"
                },
                {
                    "name": "Anant Narayanan",
                    "email": "anant@php.net",
                    "role": "Developer"
                }
            ],
            "description": "A simple library to encode and decode JSON Web Tokens (JWT) in PHP. Should conform to the current spec.",
            "homepage": "https://github.com/firebase/php-jwt",
            "time": "2017-06-27T22:17:23+00:00"
        },
        {
            "name": "fzaninotto/faker",
            "version": "v1.8.0",
            "source": {
                "type": "git",
                "url": "https://github.com/fzaninotto/Faker.git",
                "reference": "f72816b43e74063c8b10357394b6bba8cb1c10de"
            },
            "dist": {
                "type": "zip",
                "url": "https://api.github.com/repos/fzaninotto/Faker/zipball/f72816b43e74063c8b10357394b6bba8cb1c10de",
                "reference": "f72816b43e74063c8b10357394b6bba8cb1c10de",
                "shasum": ""
            },
            "require": {
                "php": "^5.3.3 || ^7.0"
            },
            "require-dev": {
                "ext-intl": "*",
                "phpunit/phpunit": "^4.8.35 || ^5.7",
                "squizlabs/php_codesniffer": "^1.5"
            },
            "type": "library",
            "extra": {
                "branch-alias": {
                    "dev-master": "1.8-dev"
                }
            },
            "autoload": {
                "psr-4": {
                    "Faker\\": "src/Faker/"
                }
            },
            "notification-url": "https://packagist.org/downloads/",
            "license": [
                "MIT"
            ],
            "authors": [
                {
                    "name": "François Zaninotto"
                }
            ],
            "description": "Faker is a PHP library that generates fake data for you.",
            "keywords": [
                "data",
                "faker",
                "fixtures"
            ],
            "time": "2018-07-12T10:23:15+00:00"
        },
        {
            "name": "rhubarbphp/custard",
            "version": "1.0.12",
            "source": {
                "type": "git",
                "url": "https://github.com/RhubarbPHP/Custard.git",
                "reference": "4ff25a203521f06132503b94bb305d9a1ae528e5"
            },
            "dist": {
                "type": "zip",
                "url": "https://api.github.com/repos/RhubarbPHP/Custard/zipball/4ff25a203521f06132503b94bb305d9a1ae528e5",
                "reference": "4ff25a203521f06132503b94bb305d9a1ae528e5",
                "shasum": ""
            },
            "require": {
                "symfony/console": ">=2.7.5"
            },
            "bin": [
                "bin/custard",
                "bin/vcustard"
            ],
            "type": "library",
            "autoload": {
                "psr-4": {
                    "Rhubarb\\Custard\\": "src/",
                    "Rhubarb\\Custard\\Tests\\": "tests/"
                }
            },
            "notification-url": "https://packagist.org/downloads/",
            "license": [
                "Apache-2.0"
            ],
            "description": "Provides command line tools for Rhubarb projects.",
            "homepage": "http://www.rhubarbphp.com/",
            "keywords": [
                "cli",
                "command-line",
                "custard",
                "framework",
                "php",
                "rhubarb",
                "tools"
            ],
            "time": "2019-02-05T11:10:34+00:00"
        },
        {
            "name": "rhubarbphp/module-stem",
            "version": "1.8.3",
            "source": {
                "type": "git",
                "url": "https://github.com/RhubarbPHP/Module.Stem.git",
                "reference": "a56f302afa1e5c7c9b31a257db915144bc7a44b9"
            },
            "dist": {
                "type": "zip",
                "url": "https://api.github.com/repos/RhubarbPHP/Module.Stem/zipball/a56f302afa1e5c7c9b31a257db915144bc7a44b9",
                "reference": "a56f302afa1e5c7c9b31a257db915144bc7a44b9",
                "shasum": ""
            },
            "require": {
                "rhubarbphp/rhubarb": "^1.5.2"
            },
            "require-dev": {
                "codeception/codeception": "^2.1.8",
                "pdepend/pdepend": "^2.0.0",
                "phploc/phploc": "^3.0.0",
                "phpmd/phpmd": "^2.0.0",
                "rhubarbphp/custard": "^1.0.0",
                "rhubarbphp/module-build-status-updater": "^1.0.4",
                "sebastian/phpcpd": "^2.0.0",
                "squizlabs/php_codesniffer": "^2.0.0",
                "tan-tan-kanarek/github-php-client": "^1.0.0",
                "theseer/phpdox": "*"
            },
            "type": "library",
            "autoload": {
                "psr-4": {
                    "Rhubarb\\Stem\\": "src/",
                    "Rhubarb\\Stem\\Tests\\": "tests/"
                }
            },
            "notification-url": "https://packagist.org/downloads/",
            "license": [
                "Apache-2.0"
            ],
            "description": "A data modelling and ORM module for the Rhubarb PHP framework",
            "homepage": "http://www.rhubarbphp.com/",
            "keywords": [
                "Modelling",
                "data",
                "framework",
                "model",
                "orm",
                "php"
            ],
            "time": "2019-03-01T16:25:21+00:00"
        },
        {
            "name": "rhubarbphp/rhubarb",
            "version": "1.6.8",
            "source": {
                "type": "git",
                "url": "https://github.com/RhubarbPHP/Rhubarb.git",
                "reference": "260e0bce560c4b9fa02b084eddbd30ef7c25f9ba"
            },
            "dist": {
                "type": "zip",
                "url": "https://api.github.com/repos/RhubarbPHP/Rhubarb/zipball/260e0bce560c4b9fa02b084eddbd30ef7c25f9ba",
                "reference": "260e0bce560c4b9fa02b084eddbd30ef7c25f9ba",
                "shasum": ""
            },
            "require": {
                "firebase/php-jwt": "^4.0 || ^5.0",
                "php": ">=5.6.0"
            },
            "require-dev": {
                "codeception/codeception": "^2.0.0",
                "pdepend/pdepend": "^2.0.0",
                "phploc/phploc": "^3.0.0",
                "phpmd/phpmd": "^2.0.0",
                "rhubarbphp/custard": "^1.0.9",
                "rhubarbphp/module-build-status-updater": "^1.0.5",
                "sebastian/phpcpd": "^2.0.0",
                "squizlabs/php_codesniffer": "^2.0.0",
                "theseer/phpdox": "0.8.1.1"
            },
            "type": "library",
            "autoload": {
                "psr-4": {
                    "Rhubarb\\Crown\\": "src/",
                    "Rhubarb\\Crown\\Tests\\": "tests/"
                }
            },
            "notification-url": "https://packagist.org/downloads/",
            "license": [
                "Apache-2.0"
            ],
            "description": "A modern enterprise ready PHP framework",
            "homepage": "http://www.rhubarbphp.com/",
            "keywords": [
                "framework",
                "php"
            ],
            "time": "2019-03-11T21:00:36+00:00"
        },
        {
            "name": "symfony/console",
            "version": "v4.2.4",
            "source": {
                "type": "git",
                "url": "https://github.com/symfony/console.git",
                "reference": "9dc2299a016497f9ee620be94524e6c0af0280a9"
            },
            "dist": {
                "type": "zip",
                "url": "https://api.github.com/repos/symfony/console/zipball/9dc2299a016497f9ee620be94524e6c0af0280a9",
                "reference": "9dc2299a016497f9ee620be94524e6c0af0280a9",
                "shasum": ""
            },
            "require": {
                "php": "^7.1.3",
                "symfony/contracts": "^1.0",
                "symfony/polyfill-mbstring": "~1.0"
            },
            "conflict": {
                "symfony/dependency-injection": "<3.4",
                "symfony/process": "<3.3"
            },
            "provide": {
                "psr/log-implementation": "1.0"
            },
            "require-dev": {
                "psr/log": "~1.0",
                "symfony/config": "~3.4|~4.0",
                "symfony/dependency-injection": "~3.4|~4.0",
                "symfony/event-dispatcher": "~3.4|~4.0",
                "symfony/lock": "~3.4|~4.0",
                "symfony/process": "~3.4|~4.0"
            },
            "suggest": {
                "psr/log": "For using the console logger",
                "symfony/event-dispatcher": "",
                "symfony/lock": "",
                "symfony/process": ""
            },
            "type": "library",
            "extra": {
                "branch-alias": {
                    "dev-master": "4.2-dev"
                }
            },
            "autoload": {
                "psr-4": {
                    "Symfony\\Component\\Console\\": ""
                },
                "exclude-from-classmap": [
                    "/Tests/"
                ]
            },
            "notification-url": "https://packagist.org/downloads/",
            "license": [
                "MIT"
            ],
            "authors": [
                {
                    "name": "Fabien Potencier",
                    "email": "fabien@symfony.com"
                },
                {
                    "name": "Symfony Community",
                    "homepage": "https://symfony.com/contributors"
                }
            ],
            "description": "Symfony Console Component",
            "homepage": "https://symfony.com",
            "time": "2019-02-23T15:17:42+00:00"
        },
        {
            "name": "symfony/contracts",
            "version": "v1.0.2",
            "source": {
                "type": "git",
                "url": "https://github.com/symfony/contracts.git",
                "reference": "1aa7ab2429c3d594dd70689604b5cf7421254cdf"
            },
            "dist": {
                "type": "zip",
                "url": "https://api.github.com/repos/symfony/contracts/zipball/1aa7ab2429c3d594dd70689604b5cf7421254cdf",
                "reference": "1aa7ab2429c3d594dd70689604b5cf7421254cdf",
                "shasum": ""
            },
            "require": {
                "php": "^7.1.3"
            },
            "require-dev": {
                "psr/cache": "^1.0",
                "psr/container": "^1.0"
            },
            "suggest": {
                "psr/cache": "When using the Cache contracts",
                "psr/container": "When using the Service contracts",
                "symfony/cache-contracts-implementation": "",
                "symfony/service-contracts-implementation": "",
                "symfony/translation-contracts-implementation": ""
            },
            "type": "library",
            "extra": {
                "branch-alias": {
                    "dev-master": "1.0-dev"
                }
            },
            "autoload": {
                "psr-4": {
                    "Symfony\\Contracts\\": ""
                },
                "exclude-from-classmap": [
                    "**/Tests/"
                ]
            },
            "notification-url": "https://packagist.org/downloads/",
            "license": [
                "MIT"
            ],
            "authors": [
                {
                    "name": "Nicolas Grekas",
                    "email": "p@tchwork.com"
                },
                {
                    "name": "Symfony Community",
                    "homepage": "https://symfony.com/contributors"
                }
            ],
            "description": "A set of abstractions extracted out of the Symfony components",
            "homepage": "https://symfony.com",
            "keywords": [
                "abstractions",
                "contracts",
                "decoupling",
                "interfaces",
                "interoperability",
                "standards"
            ],
            "time": "2018-12-05T08:06:11+00:00"
        },
        {
            "name": "symfony/polyfill-mbstring",
            "version": "v1.11.0",
            "source": {
                "type": "git",
                "url": "https://github.com/symfony/polyfill-mbstring.git",
                "reference": "fe5e94c604826c35a32fa832f35bd036b6799609"
            },
            "dist": {
                "type": "zip",
                "url": "https://api.github.com/repos/symfony/polyfill-mbstring/zipball/fe5e94c604826c35a32fa832f35bd036b6799609",
                "reference": "fe5e94c604826c35a32fa832f35bd036b6799609",
                "shasum": ""
            },
            "require": {
                "php": ">=5.3.3"
            },
            "suggest": {
                "ext-mbstring": "For best performance"
            },
            "type": "library",
            "extra": {
                "branch-alias": {
                    "dev-master": "1.11-dev"
                }
            },
            "autoload": {
                "psr-4": {
                    "Symfony\\Polyfill\\Mbstring\\": ""
                },
                "files": [
                    "bootstrap.php"
                ]
            },
            "notification-url": "https://packagist.org/downloads/",
            "license": [
                "MIT"
            ],
            "authors": [
                {
                    "name": "Nicolas Grekas",
                    "email": "p@tchwork.com"
                },
                {
                    "name": "Symfony Community",
                    "homepage": "https://symfony.com/contributors"
                }
            ],
            "description": "Symfony polyfill for the Mbstring extension",
            "homepage": "https://symfony.com",
            "keywords": [
                "compatibility",
                "mbstring",
                "polyfill",
                "portable",
                "shim"
            ],
            "time": "2019-02-06T07:57:58+00:00"
        }
    ],
    "packages-dev": [],
    "aliases": [],
    "minimum-stability": "stable",
    "stability-flags": [],
    "prefer-stable": false,
    "prefer-lowest": false,
    "platform": {
        "php": "^7"
    },
    "platform-dev": []
}
